
Microsoft Visual Studio Solution File, Format Version 12.00
# Visual Studio Version 17
VisualStudioVersion = 17.13.35931.197
MinimumVisualStudioVersion = 10.0.40219.1
Project("{2150E333-8FDC-42A3-9474-1A3956D46DE8}") = "Solution Items", "Solution Items", "{02EA681E-C7D8-13C7-8484-4AC65E1B71E8}"
	ProjectSection(SolutionItems) = preProject
		.editorconfig = .editorconfig
	EndProjectSection
EndProject
Project("{FAE04EC0-301F-11D3-BF4B-00C04F79EFBC}") = "00_BaseCode", "00_BaseCode\00_BaseCode.csproj", "{03008CA9-A6EE-40B4-BA8F-58DB85DD4C83}"
EndProject
Project("{FAE04EC0-301F-11D3-BF4B-00C04F79EFBC}") = "01_InstanceCreation", "01_InstanceCreation\01_InstanceCreation.csproj", "{915A1875-91A9-4BD0-8A39-0C02C513A4DB}"
EndProject
Project("{FAE04EC0-301F-11D3-BF4B-00C04F79EFBC}") = "02_ValidationLayers", "02_ValidationLayers\02_ValidationLayers.csproj", "{9EF931C9-ED1F-4366-89F4-511897231D50}"
EndProject
Project("{FAE04EC0-301F-11D3-BF4B-00C04F79EFBC}") = "03_PhysicalDeviceSelection", "03_PhysicalDeviceSelection\03_PhysicalDeviceSelection.csproj", "{15A654C2-E98E-77D1-4559-226AA18272EE}"
EndProject
Project("{FAE04EC0-301F-11D3-BF4B-00C04F79EFBC}") = "04_LogicalDevice", "04_LogicalDevice\04_LogicalDevice.csproj", "{B365EE04-6899-5979-C44F-630C1FD9899B}"
EndProject
Project("{FAE04EC0-301F-11D3-BF4B-00C04F79EFBC}") = "05_WindowSurface", "05_WindowSurface\05_WindowSurface.csproj", "{95DD0D7B-1420-975B-845B-1D7F51C9AA1D}"
EndProject
Project("{FAE04EC0-301F-11D3-BF4B-00C04F79EFBC}") = "06_SwapChainCreation", "06_SwapChainCreation\06_SwapChainCreation.csproj", "{0ABA3BF1-D04D-05C9-BBE1-CC205887C27A}"
EndProject
Project("{FAE04EC0-301F-11D3-BF4B-00C04F79EFBC}") = "07_ImageViews", "07_ImageViews\07_ImageViews.csproj", "{9960F1DB-EB9E-89EE-A432-53BD9DAEBFAA}"
EndProject
Project("{FAE04EC0-301F-11D3-BF4B-00C04F79EFBC}") = "08_GraphicsPipeline", "08_GraphicsPipeline\08_GraphicsPipeline.csproj", "{26D52B70-C4D9-91BE-D95F-D0C4226EB409}"
EndProject
Project("{FAE04EC0-301F-11D3-BF4B-00C04F79EFBC}") = "09_ShaderModules", "09_ShaderModules\09_ShaderModules.csproj", "{BA138BA6-97D1-19E8-4B0E-D365B6D86597}"
EndProject
Project("{FAE04EC0-301F-11D3-BF4B-00C04F79EFBC}") = "10_FixedFunctions", "10_FixedFunctions\10_FixedFunctions.csproj", "{0BCF188D-1C09-7D86-5088-AF9621AFECE4}"
EndProject
Project("{FAE04EC0-301F-11D3-BF4B-00C04F79EFBC}") = "11_RenderPasses", "11_RenderPasses\11_RenderPasses.csproj", "{AF0F01C4-E1A2-DEB1-2121-7648BC938789}"
EndProject
Project("{FAE04EC0-301F-11D3-BF4B-00C04F79EFBC}") = "12_GraphicsPipelineComplete", "12_GraphicsPipelineComplete\12_GraphicsPipelineComplete.csproj", "{14118DCB-150F-14D0-9C57-A408C7409E9F}"
EndProject
Project("{FAE04EC0-301F-11D3-BF4B-00C04F79EFBC}") = "13_FrameBuffer", "13_FrameBuffer\13_FrameBuffer.csproj", "{BEA53719-6630-AB9A-55BB-2E40BE9DD3E5}"
EndProject
Project("{FAE04EC0-301F-11D3-BF4B-00C04F79EFBC}") = "14_CommandBuffers", "14_CommandBuffers\14_CommandBuffers.csproj", "{1756B941-2319-300C-F0CB-1A82E9E20082}"
EndProject
Project("{FAE04EC0-301F-11D3-BF4B-00C04F79EFBC}") = "15_HelloTriangle", "15_HelloTriangle\15_HelloTriangle.csproj", "{1B9BCBBE-950B-E7B8-3690-41D259E2886A}"
EndProject
Project("{FAE04EC0-301F-11D3-BF4B-00C04F79EFBC}") = "16_FramesInFlight", "16_FramesInFlight\16_FramesInFlight.csproj", "{8B1FE2A5-E0A5-BDF1-0C9E-EB63D7A87BA5}"
EndProject
Project("{FAE04EC0-301F-11D3-BF4B-00C04F79EFBC}") = "17_SwapChainRecreation", "17_SwapChainRecreation\17_SwapChainRecreation.csproj", "{2944CB8F-6078-839E-AA98-99351DB4F702}"
EndProject
Project("{FAE04EC0-301F-11D3-BF4B-00C04F79EFBC}") = "18_VertexInput", "18_VertexInput\18_VertexInput.csproj", "{AA16E270-AEEA-5387-2989-F930C51EF943}"
EndProject
Project("{FAE04EC0-301F-11D3-BF4B-00C04F79EFBC}") = "19_VertexBuffer", "19_VertexBuffer\19_VertexBuffer.csproj", "{01FD1B18-386C-F40C-7E1A-18E4CF0AEA07}"
EndProject
Project("{FAE04EC0-301F-11D3-BF4B-00C04F79EFBC}") = "20_StagingBuffer", "20_StagingBuffer\20_StagingBuffer.csproj", "{0D776FC5-4694-C0DB-0182-80AB9EA4D81C}"
EndProject
Project("{FAE04EC0-301F-11D3-BF4B-00C04F79EFBC}") = "21_IndexBuffer", "21_IndexBuffer\21_IndexBuffer.csproj", "{AC0AC004-093C-4E59-3439-2578028B6F0A}"
EndProject
Project("{FAE04EC0-301F-11D3-BF4B-00C04F79EFBC}") = "22_DescriptorSetLayout", "22_DescriptorSetLayout\22_DescriptorSetLayout.csproj", "{A9E916EF-DF82-EFAA-9F24-7A489E97C20A}"
EndProject
Project("{FAE04EC0-301F-11D3-BF4B-00C04F79EFBC}") = "23_DescriptorSets", "23_DescriptorSets\23_DescriptorSets.csproj", "{EE79FDD2-8D38-EBFA-1BB3-1CA61F9CCA69}"
EndProject
Project("{FAE04EC0-301F-11D3-BF4B-00C04F79EFBC}") = "24_TextureImage", "24_TextureImage\24_TextureImage.csproj", "{58E364E4-DE57-251C-2074-9C00661902ED}"
EndProject
Global
	GlobalSection(SolutionConfigurationPlatforms) = preSolution
		Debug|Any CPU = Debug|Any CPU
		Release|Any CPU = Release|Any CPU
	EndGlobalSection
	GlobalSection(ProjectConfigurationPlatforms) = postSolution
		{03008CA9-A6EE-40B4-BA8F-58DB85DD4C83}.Debug|Any CPU.ActiveCfg = Debug|Any CPU
		{03008CA9-A6EE-40B4-BA8F-58DB85DD4C83}.Debug|Any CPU.Build.0 = Debug|Any CPU
		{03008CA9-A6EE-40B4-BA8F-58DB85DD4C83}.Release|Any CPU.ActiveCfg = Release|Any CPU
		{03008CA9-A6EE-40B4-BA8F-58DB85DD4C83}.Release|Any CPU.Build.0 = Release|Any CPU
		{915A1875-91A9-4BD0-8A39-0C02C513A4DB}.Debug|Any CPU.ActiveCfg = Debug|Any CPU
		{915A1875-91A9-4BD0-8A39-0C02C513A4DB}.Debug|Any CPU.Build.0 = Debug|Any CPU
		{915A1875-91A9-4BD0-8A39-0C02C513A4DB}.Release|Any CPU.ActiveCfg = Release|Any CPU
		{915A1875-91A9-4BD0-8A39-0C02C513A4DB}.Release|Any CPU.Build.0 = Release|Any CPU
		{9EF931C9-ED1F-4366-89F4-511897231D50}.Debug|Any CPU.ActiveCfg = Debug|Any CPU
		{9EF931C9-ED1F-4366-89F4-511897231D50}.Debug|Any CPU.Build.0 = Debug|Any CPU
		{9EF931C9-ED1F-4366-89F4-511897231D50}.Release|Any CPU.ActiveCfg = Release|Any CPU
		{9EF931C9-ED1F-4366-89F4-511897231D50}.Release|Any CPU.Build.0 = Release|Any CPU
		{15A654C2-E98E-77D1-4559-226AA18272EE}.Debug|Any CPU.ActiveCfg = Debug|Any CPU
		{15A654C2-E98E-77D1-4559-226AA18272EE}.Debug|Any CPU.Build.0 = Debug|Any CPU
		{15A654C2-E98E-77D1-4559-226AA18272EE}.Release|Any CPU.ActiveCfg = Release|Any CPU
		{15A654C2-E98E-77D1-4559-226AA18272EE}.Release|Any CPU.Build.0 = Release|Any CPU
		{B365EE04-6899-5979-C44F-630C1FD9899B}.Debug|Any CPU.ActiveCfg = Debug|Any CPU
		{B365EE04-6899-5979-C44F-630C1FD9899B}.Debug|Any CPU.Build.0 = Debug|Any CPU
		{B365EE04-6899-5979-C44F-630C1FD9899B}.Release|Any CPU.ActiveCfg = Release|Any CPU
		{B365EE04-6899-5979-C44F-630C1FD9899B}.Release|Any CPU.Build.0 = Release|Any CPU
		{95DD0D7B-1420-975B-845B-1D7F51C9AA1D}.Debug|Any CPU.ActiveCfg = Debug|Any CPU
		{95DD0D7B-1420-975B-845B-1D7F51C9AA1D}.Debug|Any CPU.Build.0 = Debug|Any CPU
		{95DD0D7B-1420-975B-845B-1D7F51C9AA1D}.Release|Any CPU.ActiveCfg = Release|Any CPU
		{95DD0D7B-1420-975B-845B-1D7F51C9AA1D}.Release|Any CPU.Build.0 = Release|Any CPU
		{0ABA3BF1-D04D-05C9-BBE1-CC205887C27A}.Debug|Any CPU.ActiveCfg = Debug|Any CPU
		{0ABA3BF1-D04D-05C9-BBE1-CC205887C27A}.Debug|Any CPU.Build.0 = Debug|Any CPU
		{0ABA3BF1-D04D-05C9-BBE1-CC205887C27A}.Release|Any CPU.ActiveCfg = Release|Any CPU
		{0ABA3BF1-D04D-05C9-BBE1-CC205887C27A}.Release|Any CPU.Build.0 = Release|Any CPU
		{9960F1DB-EB9E-89EE-A432-53BD9DAEBFAA}.Debug|Any CPU.ActiveCfg = Debug|Any CPU
		{9960F1DB-EB9E-89EE-A432-53BD9DAEBFAA}.Debug|Any CPU.Build.0 = Debug|Any CPU
		{9960F1DB-EB9E-89EE-A432-53BD9DAEBFAA}.Release|Any CPU.ActiveCfg = Release|Any CPU
		{9960F1DB-EB9E-89EE-A432-53BD9DAEBFAA}.Release|Any CPU.Build.0 = Release|Any CPU
		{26D52B70-C4D9-91BE-D95F-D0C4226EB409}.Debug|Any CPU.ActiveCfg = Debug|Any CPU
		{26D52B70-C4D9-91BE-D95F-D0C4226EB409}.Debug|Any CPU.Build.0 = Debug|Any CPU
		{26D52B70-C4D9-91BE-D95F-D0C4226EB409}.Release|Any CPU.ActiveCfg = Release|Any CPU
		{26D52B70-C4D9-91BE-D95F-D0C4226EB409}.Release|Any CPU.Build.0 = Release|Any CPU
		{BA138BA6-97D1-19E8-4B0E-D365B6D86597}.Debug|Any CPU.ActiveCfg = Debug|Any CPU
		{BA138BA6-97D1-19E8-4B0E-D365B6D86597}.Debug|Any CPU.Build.0 = Debug|Any CPU
		{BA138BA6-97D1-19E8-4B0E-D365B6D86597}.Release|Any CPU.ActiveCfg = Release|Any CPU
		{BA138BA6-97D1-19E8-4B0E-D365B6D86597}.Release|Any CPU.Build.0 = Release|Any CPU
		{0BCF188D-1C09-7D86-5088-AF9621AFECE4}.Debug|Any CPU.ActiveCfg = Debug|Any CPU
		{0BCF188D-1C09-7D86-5088-AF9621AFECE4}.Debug|Any CPU.Build.0 = Debug|Any CPU
		{0BCF188D-1C09-7D86-5088-AF9621AFECE4}.Release|Any CPU.ActiveCfg = Release|Any CPU
		{0BCF188D-1C09-7D86-5088-AF9621AFECE4}.Release|Any CPU.Build.0 = Release|Any CPU
		{AF0F01C4-E1A2-DEB1-2121-7648BC938789}.Debug|Any CPU.ActiveCfg = Debug|Any CPU
		{AF0F01C4-E1A2-DEB1-2121-7648BC938789}.Debug|Any CPU.Build.0 = Debug|Any CPU
		{AF0F01C4-E1A2-DEB1-2121-7648BC938789}.Release|Any CPU.ActiveCfg = Release|Any CPU
		{AF0F01C4-E1A2-DEB1-2121-7648BC938789}.Release|Any CPU.Build.0 = Release|Any CPU
		{14118DCB-150F-14D0-9C57-A408C7409E9F}.Debug|Any CPU.ActiveCfg = Debug|Any CPU
		{14118DCB-150F-14D0-9C57-A408C7409E9F}.Debug|Any CPU.Build.0 = Debug|Any CPU
		{14118DCB-150F-14D0-9C57-A408C7409E9F}.Release|Any CPU.ActiveCfg = Release|Any CPU
		{14118DCB-150F-14D0-9C57-A408C7409E9F}.Release|Any CPU.Build.0 = Release|Any CPU
		{BEA53719-6630-AB9A-55BB-2E40BE9DD3E5}.Debug|Any CPU.ActiveCfg = Debug|Any CPU
		{BEA53719-6630-AB9A-55BB-2E40BE9DD3E5}.Debug|Any CPU.Build.0 = Debug|Any CPU
		{BEA53719-6630-AB9A-55BB-2E40BE9DD3E5}.Release|Any CPU.ActiveCfg = Release|Any CPU
		{BEA53719-6630-AB9A-55BB-2E40BE9DD3E5}.Release|Any CPU.Build.0 = Release|Any CPU
		{1756B941-2319-300C-F0CB-1A82E9E20082}.Debug|Any CPU.ActiveCfg = Debug|Any CPU
		{1756B941-2319-300C-F0CB-1A82E9E20082}.Debug|Any CPU.Build.0 = Debug|Any CPU
		{1756B941-2319-300C-F0CB-1A82E9E20082}.Release|Any CPU.ActiveCfg = Release|Any CPU
		{1756B941-2319-300C-F0CB-1A82E9E20082}.Release|Any CPU.Build.0 = Release|Any CPU
		{1B9BCBBE-950B-E7B8-3690-41D259E2886A}.Debug|Any CPU.ActiveCfg = Debug|Any CPU
		{1B9BCBBE-950B-E7B8-3690-41D259E2886A}.Debug|Any CPU.Build.0 = Debug|Any CPU
		{1B9BCBBE-950B-E7B8-3690-41D259E2886A}.Release|Any CPU.ActiveCfg = Release|Any CPU
		{1B9BCBBE-950B-E7B8-3690-41D259E2886A}.Release|Any CPU.Build.0 = Release|Any CPU
		{8B1FE2A5-E0A5-BDF1-0C9E-EB63D7A87BA5}.Debug|Any CPU.ActiveCfg = Debug|Any CPU
		{8B1FE2A5-E0A5-BDF1-0C9E-EB63D7A87BA5}.Debug|Any CPU.Build.0 = Debug|Any CPU
		{8B1FE2A5-E0A5-BDF1-0C9E-EB63D7A87BA5}.Release|Any CPU.ActiveCfg = Release|Any CPU
		{8B1FE2A5-E0A5-BDF1-0C9E-EB63D7A87BA5}.Release|Any CPU.Build.0 = Release|Any CPU
		{2944CB8F-6078-839E-AA98-99351DB4F702}.Debug|Any CPU.ActiveCfg = Debug|Any CPU
		{2944CB8F-6078-839E-AA98-99351DB4F702}.Debug|Any CPU.Build.0 = Debug|Any CPU
		{2944CB8F-6078-839E-AA98-99351DB4F702}.Release|Any CPU.ActiveCfg = Release|Any CPU
		{2944CB8F-6078-839E-AA98-99351DB4F702}.Release|Any CPU.Build.0 = Release|Any CPU
		{AA16E270-AEEA-5387-2989-F930C51EF943}.Debug|Any CPU.ActiveCfg = Debug|Any CPU
		{AA16E270-AEEA-5387-2989-F930C51EF943}.Debug|Any CPU.Build.0 = Debug|Any CPU
		{AA16E270-AEEA-5387-2989-F930C51EF943}.Release|Any CPU.ActiveCfg = Release|Any CPU
		{AA16E270-AEEA-5387-2989-F930C51EF943}.Release|Any CPU.Build.0 = Release|Any CPU
		{01FD1B18-386C-F40C-7E1A-18E4CF0AEA07}.Debug|Any CPU.ActiveCfg = Debug|Any CPU
		{01FD1B18-386C-F40C-7E1A-18E4CF0AEA07}.Debug|Any CPU.Build.0 = Debug|Any CPU
		{01FD1B18-386C-F40C-7E1A-18E4CF0AEA07}.Release|Any CPU.ActiveCfg = Release|Any CPU
		{01FD1B18-386C-F40C-7E1A-18E4CF0AEA07}.Release|Any CPU.Build.0 = Release|Any CPU
		{0D776FC5-4694-C0DB-0182-80AB9EA4D81C}.Debug|Any CPU.ActiveCfg = Debug|Any CPU
		{0D776FC5-4694-C0DB-0182-80AB9EA4D81C}.Debug|Any CPU.Build.0 = Debug|Any CPU
		{0D776FC5-4694-C0DB-0182-80AB9EA4D81C}.Release|Any CPU.ActiveCfg = Release|Any CPU
		{0D776FC5-4694-C0DB-0182-80AB9EA4D81C}.Release|Any CPU.Build.0 = Release|Any CPU
		{AC0AC004-093C-4E59-3439-2578028B6F0A}.Debug|Any CPU.ActiveCfg = Debug|Any CPU
		{AC0AC004-093C-4E59-3439-2578028B6F0A}.Debug|Any CPU.Build.0 = Debug|Any CPU
		{AC0AC004-093C-4E59-3439-2578028B6F0A}.Release|Any CPU.ActiveCfg = Release|Any CPU
		{AC0AC004-093C-4E59-3439-2578028B6F0A}.Release|Any CPU.Build.0 = Release|Any CPU
		{A9E916EF-DF82-EFAA-9F24-7A489E97C20A}.Debug|Any CPU.ActiveCfg = Debug|Any CPU
		{A9E916EF-DF82-EFAA-9F24-7A489E97C20A}.Debug|Any CPU.Build.0 = Debug|Any CPU
		{A9E916EF-DF82-EFAA-9F24-7A489E97C20A}.Release|Any CPU.ActiveCfg = Release|Any CPU
		{A9E916EF-DF82-EFAA-9F24-7A489E97C20A}.Release|Any CPU.Build.0 = Release|Any CPU
		{EE79FDD2-8D38-EBFA-1BB3-1CA61F9CCA69}.Debug|Any CPU.ActiveCfg = Debug|Any CPU
		{EE79FDD2-8D38-EBFA-1BB3-1CA61F9CCA69}.Debug|Any CPU.Build.0 = Debug|Any CPU
		{EE79FDD2-8D38-EBFA-1BB3-1CA61F9CCA69}.Release|Any CPU.ActiveCfg = Release|Any CPU
		{EE79FDD2-8D38-EBFA-1BB3-1CA61F9CCA69}.Release|Any CPU.Build.0 = Release|Any CPU
		{58E364E4-DE57-251C-2074-9C00661902ED}.Debug|Any CPU.ActiveCfg = Debug|Any CPU
		{58E364E4-DE57-251C-2074-9C00661902ED}.Debug|Any CPU.Build.0 = Debug|Any CPU
		{58E364E4-DE57-251C-2074-9C00661902ED}.Release|Any CPU.ActiveCfg = Release|Any CPU
		{58E364E4-DE57-251C-2074-9C00661902ED}.Release|Any CPU.Build.0 = Release|Any CPU
	EndGlobalSection
	GlobalSection(SolutionProperties) = preSolution
		HideSolutionNode = FALSE
	EndGlobalSection
	GlobalSection(ExtensibilityGlobals) = postSolution
		SolutionGuid = {0B43E62E-B5D0-4207-BE86-EA7C35662300}
	EndGlobalSection
EndGlobal
