
Microsoft Visual Studio Solution File, Format Version 12.00
# Visual Studio Version 17
VisualStudioVersion = 17.13.35931.197
MinimumVisualStudioVersion = 10.0.40219.1
Project("{FAE04EC0-301F-11D3-BF4B-00C04F79EFBC}") = "00_BaseCode", "00_BaseCode\00_BaseCode.csproj", "{03008CA9-A6EE-40B4-BA8F-58DB85DD4C83}"
EndProject
Project("{FAE04EC0-301F-11D3-BF4B-00C04F79EFBC}") = "01_InstanceCreation", "01_InstanceCreation\01_InstanceCreation.csproj", "{915A1875-91A9-4BD0-8A39-0C02C513A4DB}"
EndProject
Project("{FAE04EC0-301F-11D3-BF4B-00C04F79EFBC}") = "02_ValidationLayers", "02_ValidationLayers\02_ValidationLayers.csproj", "{9EF931C9-ED1F-4366-89F4-511897231D50}"
EndProject
Project("{FAE04EC0-301F-11D3-BF4B-00C04F79EFBC}") = "03_PhysicalDeviceSelection", "03_PhysicalDeviceSelection\03_PhysicalDeviceSelection.csproj", "{15A654C2-E98E-77D1-4559-226AA18272EE}"
EndProject
Project("{FAE04EC0-301F-11D3-BF4B-00C04F79EFBC}") = "04_LogicalDevice", "04_LogicalDevice\04_LogicalDevice.csproj", "{B365EE04-6899-5979-C44F-630C1FD9899B}"
EndProject
Global
	GlobalSection(SolutionConfigurationPlatforms) = preSolution
		Debug|Any CPU = Debug|Any CPU
		Release|Any CPU = Release|Any CPU
	EndGlobalSection
	GlobalSection(ProjectConfigurationPlatforms) = postSolution
		{03008CA9-A6EE-40B4-BA8F-58DB85DD4C83}.Debug|Any CPU.ActiveCfg = Debug|Any CPU
		{03008CA9-A6EE-40B4-BA8F-58DB85DD4C83}.Debug|Any CPU.Build.0 = Debug|Any CPU
		{03008CA9-A6EE-40B4-BA8F-58DB85DD4C83}.Release|Any CPU.ActiveCfg = Release|Any CPU
		{03008CA9-A6EE-40B4-BA8F-58DB85DD4C83}.Release|Any CPU.Build.0 = Release|Any CPU
		{915A1875-91A9-4BD0-8A39-0C02C513A4DB}.Debug|Any CPU.ActiveCfg = Debug|Any CPU
		{915A1875-91A9-4BD0-8A39-0C02C513A4DB}.Debug|Any CPU.Build.0 = Debug|Any CPU
		{915A1875-91A9-4BD0-8A39-0C02C513A4DB}.Release|Any CPU.ActiveCfg = Release|Any CPU
		{915A1875-91A9-4BD0-8A39-0C02C513A4DB}.Release|Any CPU.Build.0 = Release|Any CPU
		{9EF931C9-ED1F-4366-89F4-511897231D50}.Debug|Any CPU.ActiveCfg = Debug|Any CPU
		{9EF931C9-ED1F-4366-89F4-511897231D50}.Debug|Any CPU.Build.0 = Debug|Any CPU
		{9EF931C9-ED1F-4366-89F4-511897231D50}.Release|Any CPU.ActiveCfg = Release|Any CPU
		{9EF931C9-ED1F-4366-89F4-511897231D50}.Release|Any CPU.Build.0 = Release|Any CPU
		{15A654C2-E98E-77D1-4559-226AA18272EE}.Debug|Any CPU.ActiveCfg = Debug|Any CPU
		{15A654C2-E98E-77D1-4559-226AA18272EE}.Debug|Any CPU.Build.0 = Debug|Any CPU
		{15A654C2-E98E-77D1-4559-226AA18272EE}.Release|Any CPU.ActiveCfg = Release|Any CPU
		{15A654C2-E98E-77D1-4559-226AA18272EE}.Release|Any CPU.Build.0 = Release|Any CPU
		{B365EE04-6899-5979-C44F-630C1FD9899B}.Debug|Any CPU.ActiveCfg = Debug|Any CPU
		{B365EE04-6899-5979-C44F-630C1FD9899B}.Debug|Any CPU.Build.0 = Debug|Any CPU
		{B365EE04-6899-5979-C44F-630C1FD9899B}.Release|Any CPU.ActiveCfg = Release|Any CPU
		{B365EE04-6899-5979-C44F-630C1FD9899B}.Release|Any CPU.Build.0 = Release|Any CPU
	EndGlobalSection
	GlobalSection(SolutionProperties) = preSolution
		HideSolutionNode = FALSE
	EndGlobalSection
	GlobalSection(ExtensibilityGlobals) = postSolution
		SolutionGuid = {0B43E62E-B5D0-4207-BE86-EA7C35662300}
	EndGlobalSection
EndGlobal
